
Microsoft Visual Studio Solution File, Format Version 12.00
# Visual Studio Version 17
VisualStudioVersion = 17.3.32825.248
MinimumVisualStudioVersion = 10.0.40219.1
Project("{9A19103F-16F7-4668-BE54-9A1E7A4F7556}") = "APIEndpointAuthentication", "APIEndpointAuthentication.csproj", "{73D6DE0C-52CC-4931-BFF6-29FECC1F1BF7}"
EndProject
Global
	GlobalSection(SolutionConfigurationPlatforms) = preSolution
		Debug|Any CPU = Debug|Any CPU
		Release|Any CPU = Release|Any CPU
	EndGlobalSection
	GlobalSection(ProjectConfigurationPlatforms) = postSolution
		{73D6DE0C-52CC-4931-BFF6-29FECC1F1BF7}.Debug|Any CPU.ActiveCfg = Debug|Any CPU
		{73D6DE0C-52CC-4931-BFF6-29FECC1F1BF7}.Debug|Any CPU.Build.0 = Debug|Any CPU
		{73D6DE0C-52CC-4931-BFF6-29FECC1F1BF7}.Release|Any CPU.ActiveCfg = Release|Any CPU
		{73D6DE0C-52CC-4931-BFF6-29FECC1F1BF7}.Release|Any CPU.Build.0 = Release|Any CPU
	EndGlobalSection
	GlobalSection(SolutionProperties) = preSolution
		HideSolutionNode = FALSE
	EndGlobalSection
	GlobalSection(ExtensibilityGlobals) = postSolution
		SolutionGuid = {EEA7802C-EF49-4A61-84A2-A677DEE555F9}
	EndGlobalSection
EndGlobal
